<?xml version="1.0" encoding="utf-8"?>
<Project ToolsVersion="4.0" xmlns="http://schemas.microsoft.com/developer/msbuild/2003">
  <ItemGroup>
    <Filter Include="Source Files">
      <UniqueIdentifier>{4FC737F1-C7A5-4376-A066-2A32D752A2FF}</UniqueIdentifier>
      <Extensions>cpp;c;cc;cxx;c++;cppm;ixx;def;odl;idl;hpj;bat;asm;asmx</Extensions>
    </Filter>
    <Filter Include="Header Files">
      <UniqueIdentifier>{93995380-89BD-4b04-88EB-625FBE52EBFB}</UniqueIdentifier>
      <Extensions>h;hh;hpp;hxx;h++;hm;inl;inc;ipp;xsd</Extensions>
    </Filter>
    <Filter Include="Header Files\Resource Files">
      <UniqueIdentifier>{67DA6AB6-F800-4c08-8B7A-83BB121AAD01}</UniqueIdentifier>
      <Extensions>rc;ico;cur;bmp;dlg;rc2;rct;bin;rgs;gif;jpg;jpeg;jpe;resx;tiff;tif;png;wav;mfcribbon-ms</Extensions>
    </Filter>
  </ItemGroup>
  <ItemGroup>
    <ClInclude Include="avion.h">
      <Filter>Header Files</Filter>
    </ClInclude>
    <ClInclude Include="FECHA.h">
      <Filter>Header Files</Filter>
    </ClInclude>
    <ClInclude Include="Empleado.h">
      <Filter>Header Files</Filter>
    </ClInclude>
    <ClInclude Include="Contrato.h">
      <Filter>Header Files</Filter>
    </ClInclude>
    <ClInclude Include="Tripulantes.h">
      <Filter>Header Files</Filter>
    </ClInclude>
    <ClInclude Include="Piloto.h">
      <Filter>Header Files</Filter>
    </ClInclude>
    <ClInclude Include="Azafata.h">
      <Filter>Header Files</Filter>
    </ClInclude>
    <ClInclude Include="Copiloto.h">
      <Filter>Header Files</Filter>
    </ClInclude>
    <ClInclude Include="aCivil.h">
      <Filter>Header Files</Filter>
    </ClInclude>
    <ClInclude Include="aCarga.h">
      <Filter>Header Files</Filter>
    </ClInclude>
    <ClInclude Include="aComerciales.h">
      <Filter>Header Files</Filter>
    </ClInclude>
    <ClInclude Include="aMilitar.h">
      <Filter>Header Files</Filter>
    </ClInclude>
    <ClInclude Include="tipoAvionMilitar.h">
      <Filter>Header Files</Filter>
    </ClInclude>
    <ClInclude Include="tipoAvionComercial.h">
      <Filter>Header Files</Filter>
    </ClInclude>
    <ClInclude Include="tipoAvionCarga.h">
      <Filter>Header Files</Filter>
    </ClInclude>
    <ClInclude Include="ContratoServicioProfesionales.h">
      <Filter>Header Files</Filter>
    </ClInclude>
    <ClInclude Include="ContratoPlazoFijo.h">
      <Filter>Header Files</Filter>
    </ClInclude>
    <ClInclude Include="ContratoTiempoIndefinido.h">
      <Filter>Header Files</Filter>
    </ClInclude>
    <ClInclude Include="NodoEmpleado.h">
      <Filter>Header Files</Filter>
    </ClInclude>
    <ClInclude Include="ListaEmpleado.h">
      <Filter>Header Files</Filter>
    </ClInclude>
    <ClInclude Include="Administrativos.h">
      <Filter>Header Files</Filter>
    </ClInclude>
    <ClInclude Include="Miscelaneos.h">
      <Filter>Header Files</Filter>
    </ClInclude>
    <ClInclude Include="ContenedorAviones.h">
      <Filter>Header Files</Filter>
    </ClInclude>
    <ClInclude Include="NodoContrato.h">
      <Filter>Header Files</Filter>
    </ClInclude>
    <ClInclude Include="ListaContrato.h">
      <Filter>Header Files</Filter>
    </ClInclude>
  </ItemGroup>
  <ItemGroup>
    <ClCompile Include="avion.cpp">
      <Filter>Source Files</Filter>
    </ClCompile>
    <ClCompile Include="FECHA.cpp">
      <Filter>Source Files</Filter>
    </ClCompile>
    <ClCompile Include="Empleado.cpp">
      <Filter>Source Files</Filter>
    </ClCompile>
    <ClCompile Include="Contrato.cpp">
      <Filter>Source Files</Filter>
    </ClCompile>
    <ClCompile Include="Tripulantes.cpp">
      <Filter>Source Files</Filter>
    </ClCompile>
    <ClCompile Include="Piloto.cpp">
      <Filter>Source Files</Filter>
    </ClCompile>
    <ClCompile Include="Azafata.cpp">
      <Filter>Source Files</Filter>
    </ClCompile>
    <ClCompile Include="Copiloto.cpp">
      <Filter>Source Files</Filter>
    </ClCompile>
    <ClCompile Include="aCivil.cpp">
      <Filter>Source Files</Filter>
    </ClCompile>
    <ClCompile Include="aCarga.cpp">
      <Filter>Source Files</Filter>
    </ClCompile>
    <ClCompile Include="aComerciales.cpp">
      <Filter>Source Files</Filter>
    </ClCompile>
    <ClCompile Include="aMilitar.cpp">
      <Filter>Source Files</Filter>
    </ClCompile>
    <ClCompile Include="tipoAvionMilitar.cpp">
      <Filter>Source Files</Filter>
    </ClCompile>
    <ClCompile Include="tipoAvionComercial.cpp">
      <Filter>Source Files</Filter>
    </ClCompile>
    <ClCompile Include="tipoAvionCarga.cpp">
      <Filter>Source Files</Filter>
    </ClCompile>
    <ClCompile Include="ContratoServicioProfesionales.cpp">
      <Filter>Source Files</Filter>
    </ClCompile>
    <ClCompile Include="ContratoPlazoFijo.cpp">
      <Filter>Source Files</Filter>
    </ClCompile>
    <ClCompile Include="ContratoTiempoIndefinido.cpp">
      <Filter>Source Files</Filter>
    </ClCompile>
    <ClCompile Include="NodoEmpleado.cpp">
      <Filter>Source Files</Filter>
    </ClCompile>
    <ClCompile Include="ListaEmpleado.cpp">
      <Filter>Source Files</Filter>
    </ClCompile>
    <ClCompile Include="Administrativos.cpp">
      <Filter>Source Files</Filter>
    </ClCompile>
    <ClCompile Include="Miscelaneos.cpp">
      <Filter>Source Files</Filter>
    </ClCompile>
    <ClCompile Include="ContenedorAviones.cpp">
      <Filter>Source Files</Filter>
    </ClCompile>
    <ClCompile Include="Source.cpp">
      <Filter>Source Files</Filter>
    </ClCompile>
    <ClCompile Include="NodoContrato.cpp">
      <Filter>Source Files</Filter>
    </ClCompile>
    <ClCompile Include="ListaContrato.cpp">
      <Filter>Source Files</Filter>
    </ClCompile>
  </ItemGroup>
</Project>